
Microsoft Visual Studio Solution File, Format Version 12.00
# Visual Studio Version 16
VisualStudioVersion = 16.0.30621.155
MinimumVisualStudioVersion = 10.0.40219.1
Project("{9A19103F-16F7-4668-BE54-9A1E7A4F7556}") = "MasterShop.Web", "MasterShop.Web\MasterShop.Web.csproj", "{361BD4C8-78B7-4DAC-8455-BA34AF599902}"
EndProject
Project("{9A19103F-16F7-4668-BE54-9A1E7A4F7556}") = "MasterShop.Data", "MasterShop.Data\MasterShop.Data.csproj", "{44A33800-C9A9-42C0-B55B-6D7D2A2F77E9}"
EndProject
Project("{9A19103F-16F7-4668-BE54-9A1E7A4F7556}") = "MasterShop.Models", "MasterShop.Models\MasterShop.Models.csproj", "{38C6E87F-1B97-463C-B344-B9C264D787E3}"
EndProject
Project("{9A19103F-16F7-4668-BE54-9A1E7A4F7556}") = "MasterShop.Services", "MasterShop.Services\MasterShop.Services.csproj", "{87A42A64-945D-471E-9497-7D9B295CFAA3}"
EndProject
Project("{FAE04EC0-301F-11D3-BF4B-00C04F79EFBC}") = "MasterShop.Infrastructure", "MasterShop.Infrastructure\MasterShop.Infrastructure.csproj", "{1E2FD0CB-1A88-4D92-ADE5-C2C016D9EE59}"
EndProject
Global
	GlobalSection(SolutionConfigurationPlatforms) = preSolution
		Debug|Any CPU = Debug|Any CPU
		Release|Any CPU = Release|Any CPU
	EndGlobalSection
	GlobalSection(ProjectConfigurationPlatforms) = postSolution
		{361BD4C8-78B7-4DAC-8455-BA34AF599902}.Debug|Any CPU.ActiveCfg = Debug|Any CPU
		{361BD4C8-78B7-4DAC-8455-BA34AF599902}.Debug|Any CPU.Build.0 = Debug|Any CPU
		{361BD4C8-78B7-4DAC-8455-BA34AF599902}.Release|Any CPU.ActiveCfg = Release|Any CPU
		{361BD4C8-78B7-4DAC-8455-BA34AF599902}.Release|Any CPU.Build.0 = Release|Any CPU
		{44A33800-C9A9-42C0-B55B-6D7D2A2F77E9}.Debug|Any CPU.ActiveCfg = Debug|Any CPU
		{44A33800-C9A9-42C0-B55B-6D7D2A2F77E9}.Debug|Any CPU.Build.0 = Debug|Any CPU
		{44A33800-C9A9-42C0-B55B-6D7D2A2F77E9}.Release|Any CPU.ActiveCfg = Release|Any CPU
		{44A33800-C9A9-42C0-B55B-6D7D2A2F77E9}.Release|Any CPU.Build.0 = Release|Any CPU
		{38C6E87F-1B97-463C-B344-B9C264D787E3}.Debug|Any CPU.ActiveCfg = Debug|Any CPU
		{38C6E87F-1B97-463C-B344-B9C264D787E3}.Debug|Any CPU.Build.0 = Debug|Any CPU
		{38C6E87F-1B97-463C-B344-B9C264D787E3}.Release|Any CPU.ActiveCfg = Release|Any CPU
		{38C6E87F-1B97-463C-B344-B9C264D787E3}.Release|Any CPU.Build.0 = Release|Any CPU
		{87A42A64-945D-471E-9497-7D9B295CFAA3}.Debug|Any CPU.ActiveCfg = Debug|Any CPU
		{87A42A64-945D-471E-9497-7D9B295CFAA3}.Debug|Any CPU.Build.0 = Debug|Any CPU
		{87A42A64-945D-471E-9497-7D9B295CFAA3}.Release|Any CPU.ActiveCfg = Release|Any CPU
		{87A42A64-945D-471E-9497-7D9B295CFAA3}.Release|Any CPU.Build.0 = Release|Any CPU
		{1E2FD0CB-1A88-4D92-ADE5-C2C016D9EE59}.Debug|Any CPU.ActiveCfg = Debug|Any CPU
		{1E2FD0CB-1A88-4D92-ADE5-C2C016D9EE59}.Debug|Any CPU.Build.0 = Debug|Any CPU
		{1E2FD0CB-1A88-4D92-ADE5-C2C016D9EE59}.Release|Any CPU.ActiveCfg = Release|Any CPU
		{1E2FD0CB-1A88-4D92-ADE5-C2C016D9EE59}.Release|Any CPU.Build.0 = Release|Any CPU
	EndGlobalSection
	GlobalSection(SolutionProperties) = preSolution
		HideSolutionNode = FALSE
	EndGlobalSection
	GlobalSection(ExtensibilityGlobals) = postSolution
		SolutionGuid = {BD6F7DD1-5891-4580-A514-A251CDC02E96}
	EndGlobalSection
EndGlobal
